
Microsoft Visual Studio Solution File, Format Version 12.00
# Visual Studio 15
VisualStudioVersion = 15.0.26430.16
MinimumVisualStudioVersion = 10.0.40219.1
Project("{D954291E-2A0B-460D-934E-DC6B0785DB48}") = "DiabetesApp", "DiabetesApp\DiabetesApp\DiabetesApp.shproj", "{CD7A641D-6BD9-4260-81A7-8EAAC6117E36}"
EndProject
Project("{FAE04EC0-301F-11D3-BF4B-00C04F79EFBC}") = "DiabetesApp.Android", "DiabetesApp\DiabetesApp.Android\DiabetesApp.Android.csproj", "{38BD3B67-2EAF-42E4-839F-05E8CA1A03A6}"
EndProject
Project("{FAE04EC0-301F-11D3-BF4B-00C04F79EFBC}") = "DiabetesApp.iOS", "DiabetesApp\DiabetesApp.iOS\DiabetesApp.iOS.csproj", "{F5A86939-EA8A-4186-9ABE-F19237E45AAA}"
EndProject
Global
	GlobalSection(SharedMSBuildProjectFiles) = preSolution
		DiabetesApp\DiabetesApp\App1.projitems*{38bd3b67-2eaf-42e4-839f-05e8ca1a03a6}*SharedItemsImports = 4
		DiabetesApp\DiabetesApp\App1.projitems*{cd7a641d-6bd9-4260-81a7-8eaac6117e36}*SharedItemsImports = 13
		DiabetesApp\DiabetesApp\App1.projitems*{f5a86939-ea8a-4186-9abe-f19237e45aaa}*SharedItemsImports = 4
	EndGlobalSection
	GlobalSection(SolutionConfigurationPlatforms) = preSolution
		Ad-Hoc|Any CPU = Ad-Hoc|Any CPU
		Ad-Hoc|iPhone = Ad-Hoc|iPhone
		Ad-Hoc|iPhoneSimulator = Ad-Hoc|iPhoneSimulator
		AppStore|Any CPU = AppStore|Any CPU
		AppStore|iPhone = AppStore|iPhone
		AppStore|iPhoneSimulator = AppStore|iPhoneSimulator
		Debug|Any CPU = Debug|Any CPU
		Debug|iPhone = Debug|iPhone
		Debug|iPhoneSimulator = Debug|iPhoneSimulator
		Release|Any CPU = Release|Any CPU
		Release|iPhone = Release|iPhone
		Release|iPhoneSimulator = Release|iPhoneSimulator
	EndGlobalSection
	GlobalSection(ProjectConfigurationPlatforms) = postSolution
		{38BD3B67-2EAF-42E4-839F-05E8CA1A03A6}.Ad-Hoc|Any CPU.ActiveCfg = Release|Any CPU
		{38BD3B67-2EAF-42E4-839F-05E8CA1A03A6}.Ad-Hoc|Any CPU.Build.0 = Release|Any CPU
		{38BD3B67-2EAF-42E4-839F-05E8CA1A03A6}.Ad-Hoc|Any CPU.Deploy.0 = Release|Any CPU
		{38BD3B67-2EAF-42E4-839F-05E8CA1A03A6}.Ad-Hoc|iPhone.ActiveCfg = Release|Any CPU
		{38BD3B67-2EAF-42E4-839F-05E8CA1A03A6}.Ad-Hoc|iPhone.Build.0 = Release|Any CPU
		{38BD3B67-2EAF-42E4-839F-05E8CA1A03A6}.Ad-Hoc|iPhone.Deploy.0 = Release|Any CPU
		{38BD3B67-2EAF-42E4-839F-05E8CA1A03A6}.Ad-Hoc|iPhoneSimulator.ActiveCfg = Release|Any CPU
		{38BD3B67-2EAF-42E4-839F-05E8CA1A03A6}.Ad-Hoc|iPhoneSimulator.Build.0 = Release|Any CPU
		{38BD3B67-2EAF-42E4-839F-05E8CA1A03A6}.Ad-Hoc|iPhoneSimulator.Deploy.0 = Release|Any CPU
		{38BD3B67-2EAF-42E4-839F-05E8CA1A03A6}.AppStore|Any CPU.ActiveCfg = Release|Any CPU
		{38BD3B67-2EAF-42E4-839F-05E8CA1A03A6}.AppStore|Any CPU.Build.0 = Release|Any CPU
		{38BD3B67-2EAF-42E4-839F-05E8CA1A03A6}.AppStore|Any CPU.Deploy.0 = Release|Any CPU
		{38BD3B67-2EAF-42E4-839F-05E8CA1A03A6}.AppStore|iPhone.ActiveCfg = Release|Any CPU
		{38BD3B67-2EAF-42E4-839F-05E8CA1A03A6}.AppStore|iPhone.Build.0 = Release|Any CPU
		{38BD3B67-2EAF-42E4-839F-05E8CA1A03A6}.AppStore|iPhone.Deploy.0 = Release|Any CPU
		{38BD3B67-2EAF-42E4-839F-05E8CA1A03A6}.AppStore|iPhoneSimulator.ActiveCfg = Release|Any CPU
		{38BD3B67-2EAF-42E4-839F-05E8CA1A03A6}.AppStore|iPhoneSimulator.Build.0 = Release|Any CPU
		{38BD3B67-2EAF-42E4-839F-05E8CA1A03A6}.AppStore|iPhoneSimulator.Deploy.0 = Release|Any CPU
		{38BD3B67-2EAF-42E4-839F-05E8CA1A03A6}.Debug|Any CPU.ActiveCfg = Debug|Any CPU
		{38BD3B67-2EAF-42E4-839F-05E8CA1A03A6}.Debug|Any CPU.Build.0 = Debug|Any CPU
		{38BD3B67-2EAF-42E4-839F-05E8CA1A03A6}.Debug|Any CPU.Deploy.0 = Debug|Any CPU
		{38BD3B67-2EAF-42E4-839F-05E8CA1A03A6}.Debug|iPhone.ActiveCfg = Debug|Any CPU
		{38BD3B67-2EAF-42E4-839F-05E8CA1A03A6}.Debug|iPhone.Build.0 = Debug|Any CPU
		{38BD3B67-2EAF-42E4-839F-05E8CA1A03A6}.Debug|iPhone.Deploy.0 = Debug|Any CPU
		{38BD3B67-2EAF-42E4-839F-05E8CA1A03A6}.Debug|iPhoneSimulator.ActiveCfg = Debug|Any CPU
		{38BD3B67-2EAF-42E4-839F-05E8CA1A03A6}.Debug|iPhoneSimulator.Build.0 = Debug|Any CPU
		{38BD3B67-2EAF-42E4-839F-05E8CA1A03A6}.Debug|iPhoneSimulator.Deploy.0 = Debug|Any CPU
		{38BD3B67-2EAF-42E4-839F-05E8CA1A03A6}.Release|Any CPU.ActiveCfg = Release|Any CPU
		{38BD3B67-2EAF-42E4-839F-05E8CA1A03A6}.Release|Any CPU.Build.0 = Release|Any CPU
		{38BD3B67-2EAF-42E4-839F-05E8CA1A03A6}.Release|Any CPU.Deploy.0 = Release|Any CPU
		{38BD3B67-2EAF-42E4-839F-05E8CA1A03A6}.Release|iPhone.ActiveCfg = Release|Any CPU
		{38BD3B67-2EAF-42E4-839F-05E8CA1A03A6}.Release|iPhone.Build.0 = Release|Any CPU
		{38BD3B67-2EAF-42E4-839F-05E8CA1A03A6}.Release|iPhone.Deploy.0 = Release|Any CPU
		{38BD3B67-2EAF-42E4-839F-05E8CA1A03A6}.Release|iPhoneSimulator.ActiveCfg = Release|Any CPU
		{38BD3B67-2EAF-42E4-839F-05E8CA1A03A6}.Release|iPhoneSimulator.Build.0 = Release|Any CPU
		{38BD3B67-2EAF-42E4-839F-05E8CA1A03A6}.Release|iPhoneSimulator.Deploy.0 = Release|Any CPU
		{F5A86939-EA8A-4186-9ABE-F19237E45AAA}.Ad-Hoc|Any CPU.ActiveCfg = Ad-Hoc|iPhone
		{F5A86939-EA8A-4186-9ABE-F19237E45AAA}.Ad-Hoc|iPhone.ActiveCfg = Ad-Hoc|iPhone
		{F5A86939-EA8A-4186-9ABE-F19237E45AAA}.Ad-Hoc|iPhone.Build.0 = Ad-Hoc|iPhone
		{F5A86939-EA8A-4186-9ABE-F19237E45AAA}.Ad-Hoc|iPhoneSimulator.ActiveCfg = Ad-Hoc|iPhoneSimulator
		{F5A86939-EA8A-4186-9ABE-F19237E45AAA}.Ad-Hoc|iPhoneSimulator.Build.0 = Ad-Hoc|iPhoneSimulator
		{F5A86939-EA8A-4186-9ABE-F19237E45AAA}.AppStore|Any CPU.ActiveCfg = AppStore|iPhone
		{F5A86939-EA8A-4186-9ABE-F19237E45AAA}.AppStore|iPhone.ActiveCfg = AppStore|iPhone
		{F5A86939-EA8A-4186-9ABE-F19237E45AAA}.AppStore|iPhone.Build.0 = AppStore|iPhone
		{F5A86939-EA8A-4186-9ABE-F19237E45AAA}.AppStore|iPhoneSimulator.ActiveCfg = AppStore|iPhoneSimulator
		{F5A86939-EA8A-4186-9ABE-F19237E45AAA}.AppStore|iPhoneSimulator.Build.0 = AppStore|iPhoneSimulator
		{F5A86939-EA8A-4186-9ABE-F19237E45AAA}.Debug|Any CPU.ActiveCfg = Debug|iPhone
		{F5A86939-EA8A-4186-9ABE-F19237E45AAA}.Debug|iPhone.ActiveCfg = Debug|iPhone
		{F5A86939-EA8A-4186-9ABE-F19237E45AAA}.Debug|iPhone.Build.0 = Debug|iPhone
		{F5A86939-EA8A-4186-9ABE-F19237E45AAA}.Debug|iPhoneSimulator.ActiveCfg = Debug|iPhoneSimulator
		{F5A86939-EA8A-4186-9ABE-F19237E45AAA}.Debug|iPhoneSimulator.Build.0 = Debug|iPhoneSimulator
		{F5A86939-EA8A-4186-9ABE-F19237E45AAA}.Release|Any CPU.ActiveCfg = Release|iPhone
		{F5A86939-EA8A-4186-9ABE-F19237E45AAA}.Release|iPhone.ActiveCfg = Release|iPhone
		{F5A86939-EA8A-4186-9ABE-F19237E45AAA}.Release|iPhone.Build.0 = Release|iPhone
		{F5A86939-EA8A-4186-9ABE-F19237E45AAA}.Release|iPhoneSimulator.ActiveCfg = Release|iPhoneSimulator
		{F5A86939-EA8A-4186-9ABE-F19237E45AAA}.Release|iPhoneSimulator.Build.0 = Release|iPhoneSimulator
	EndGlobalSection
	GlobalSection(SolutionProperties) = preSolution
		HideSolutionNode = FALSE
	EndGlobalSection
EndGlobal
